// !$*UTF8*$!
{
	archiveVersion = 1;
	classes = {
	};
	objectVersion = 50;
	objects = {

/* Begin PBXBuildFile section */
		6099B68226E923350083F6FC /* AppDelegate.swift in Sources */ = {isa = PBXBuildFile; fileRef = 6099B68126E923350083F6FC /* AppDelegate.swift */; };
		6099B68426E923350083F6FC /* SceneDelegate.swift in Sources */ = {isa = PBXBuildFile; fileRef = 6099B68326E923350083F6FC /* SceneDelegate.swift */; };
		6099B68626E923350083F6FC /* ViewController.swift in Sources */ = {isa = PBXBuildFile; fileRef = 6099B68526E923350083F6FC /* ViewController.swift */; };
		6099B68926E923350083F6FC /* Main.storyboard in Resources */ = {isa = PBXBuildFile; fileRef = 6099B68726E923350083F6FC /* Main.storyboard */; };
		6099B68B26E923380083F6FC /* Assets.xcassets in Resources */ = {isa = PBXBuildFile; fileRef = 6099B68A26E923380083F6FC /* Assets.xcassets */; };
		6099B68E26E923380083F6FC /* LaunchScreen.storyboard in Resources */ = {isa = PBXBuildFile; fileRef = 6099B68C26E923380083F6FC /* LaunchScreen.storyboard */; };
		6099B69626E93F460083F6FC /* DetailsViewController.swift in Sources */ = {isa = PBXBuildFile; fileRef = 6099B69526E93F460083F6FC /* DetailsViewController.swift */; };
		6099B69826E94A040083F6FC /* Notes.swift in Sources */ = {isa = PBXBuildFile; fileRef = 6099B69726E94A040083F6FC /* Notes.swift */; };
		60BD29E226EA6FDB00E6F1BD /* ApiService.swift in Sources */ = {isa = PBXBuildFile; fileRef = 60BD29E126EA6FDB00E6F1BD /* ApiService.swift */; };
		60BD29E526EA745000E6F1BD /* NotesModel.swift in Sources */ = {isa = PBXBuildFile; fileRef = 60BD29E426EA745000E6F1BD /* NotesModel.swift */; };
/* End PBXBuildFile section */

/* Begin PBXFileReference section */
		6099B67E26E923350083F6FC /* Project21-b-Notes.app */ = {isa = PBXFileReference; explicitFileType = wrapper.application; includeInIndex = 0; path = "Project21-b-Notes.app"; sourceTree = BUILT_PRODUCTS_DIR; };
		6099B68126E923350083F6FC /* AppDelegate.swift */ = {isa = PBXFileReference; lastKnownFileType = sourcecode.swift; path = AppDelegate.swift; sourceTree = "<group>"; };
		6099B68326E923350083F6FC /* SceneDelegate.swift */ = {isa = PBXFileReference; lastKnownFileType = sourcecode.swift; path = SceneDelegate.swift; sourceTree = "<group>"; };
		6099B68526E923350083F6FC /* ViewController.swift */ = {isa = PBXFileReference; lastKnownFileType = sourcecode.swift; path = ViewController.swift; sourceTree = "<group>"; };
		6099B68826E923350083F6FC /* Base */ = {isa = PBXFileReference; lastKnownFileType = file.storyboard; name = Base; path = Base.lproj/Main.storyboard; sourceTree = "<group>"; };
		6099B68A26E923380083F6FC /* Assets.xcassets */ = {isa = PBXFileReference; lastKnownFileType = folder.assetcatalog; path = Assets.xcassets; sourceTree = "<group>"; };
		6099B68D26E923380083F6FC /* Base */ = {isa = PBXFileReference; lastKnownFileType = file.storyboard; name = Base; path = Base.lproj/LaunchScreen.storyboard; sourceTree = "<group>"; };
		6099B68F26E923380083F6FC /* Info.plist */ = {isa = PBXFileReference; lastKnownFileType = text.plist.xml; path = Info.plist; sourceTree = "<group>"; };
		6099B69526E93F460083F6FC /* DetailsViewController.swift */ = {isa = PBXFileReference; lastKnownFileType = sourcecode.swift; path = DetailsViewController.swift; sourceTree = "<group>"; };
		6099B69726E94A040083F6FC /* Notes.swift */ = {isa = PBXFileReference; lastKnownFileType = sourcecode.swift; path = Notes.swift; sourceTree = "<group>"; };
		60BD29E126EA6FDB00E6F1BD /* ApiService.swift */ = {isa = PBXFileReference; lastKnownFileType = sourcecode.swift; path = ApiService.swift; sourceTree = "<group>"; };
		60BD29E426EA745000E6F1BD /* NotesModel.swift */ = {isa = PBXFileReference; lastKnownFileType = sourcecode.swift; path = NotesModel.swift; sourceTree = "<group>"; };
/* End PBXFileReference section */

/* Begin PBXFrameworksBuildPhase section */
		6099B67B26E923350083F6FC /* Frameworks */ = {
			isa = PBXFrameworksBuildPhase;
			buildActionMask = 2147483647;
			files = (
			);
			runOnlyForDeploymentPostprocessing = 0;
		};
/* End PBXFrameworksBuildPhase section */

/* Begin PBXGroup section */
		6099B67526E923350083F6FC = {
			isa = PBXGroup;
			children = (
				6099B68026E923350083F6FC /* Project21-b-Notes */,
				6099B67F26E923350083F6FC /* Products */,
			);
			sourceTree = "<group>";
		};
		6099B67F26E923350083F6FC /* Products */ = {
			isa = PBXGroup;
			children = (
				6099B67E26E923350083F6FC /* Project21-b-Notes.app */,
			);
			name = Products;
			sourceTree = "<group>";
		};
		6099B68026E923350083F6FC /* Project21-b-Notes */ = {
			isa = PBXGroup;
			children = (
				60BD29E326EA743800E6F1BD /* Models */,
				60BD29E026EA6FB000E6F1BD /* Service */,
				6099B68126E923350083F6FC /* AppDelegate.swift */,
				6099B68326E923350083F6FC /* SceneDelegate.swift */,
				6099B68526E923350083F6FC /* ViewController.swift */,
				6099B69726E94A040083F6FC /* Notes.swift */,
				6099B69526E93F460083F6FC /* DetailsViewController.swift */,
				6099B68726E923350083F6FC /* Main.storyboard */,
				6099B68A26E923380083F6FC /* Assets.xcassets */,
				6099B68C26E923380083F6FC /* LaunchScreen.storyboard */,
				6099B68F26E923380083F6FC /* Info.plist */,
			);
			path = "Project21-b-Notes";
			sourceTree = "<group>";
		};
		60BD29E026EA6FB000E6F1BD /* Service */ = {
			isa = PBXGroup;
			children = (
				60BD29E126EA6FDB00E6F1BD /* ApiService.swift */,
			);
			path = Service;
			sourceTree = "<group>";
		};
		60BD29E326EA743800E6F1BD /* Models */ = {
			isa = PBXGroup;
			children = (
				60BD29E426EA745000E6F1BD /* NotesModel.swift */,
			);
			path = Models;
			sourceTree = "<group>";
		};
/* End PBXGroup section */

/* Begin PBXNativeTarget section */
		6099B67D26E923350083F6FC /* Project21-b-Notes */ = {
			isa = PBXNativeTarget;
			buildConfigurationList = 6099B69226E923380083F6FC /* Build configuration list for PBXNativeTarget "Project21-b-Notes" */;
			buildPhases = (
				6099B67A26E923350083F6FC /* Sources */,
				6099B67B26E923350083F6FC /* Frameworks */,
				6099B67C26E923350083F6FC /* Resources */,
			);
			buildRules = (
			);
			dependencies = (
			);
			name = "Project21-b-Notes";
			productName = "Project21-b-Notes";
			productReference = 6099B67E26E923350083F6FC /* Project21-b-Notes.app */;
			productType = "com.apple.product-type.application";
		};
/* End PBXNativeTarget section */

/* Begin PBXProject section */
		6099B67626E923350083F6FC /* Project object */ = {
			isa = PBXProject;
			attributes = {
				LastSwiftUpdateCheck = 1250;
				LastUpgradeCheck = 1250;
				TargetAttributes = {
					6099B67D26E923350083F6FC = {
						CreatedOnToolsVersion = 12.5.1;
					};
				};
			};
			buildConfigurationList = 6099B67926E923350083F6FC /* Build configuration list for PBXProject "Project21-b-Notes" */;
			compatibilityVersion = "Xcode 9.3";
			developmentRegion = en;
			hasScannedForEncodings = 0;
			knownRegions = (
				en,
				Base,
			);
			mainGroup = 6099B67526E923350083F6FC;
			productRefGroup = 6099B67F26E923350083F6FC /* Products */;
			projectDirPath = "";
			projectRoot = "";
			targets = (
				6099B67D26E923350083F6FC /* Project21-b-Notes */,
			);
		};
/* End PBXProject section */

/* Begin PBXResourcesBuildPhase section */
		6099B67C26E923350083F6FC /* Resources */ = {
			isa = PBXResourcesBuildPhase;
			buildActionMask = 2147483647;
			files = (
				6099B68E26E923380083F6FC /* LaunchScreen.storyboard in Resources */,
				6099B68B26E923380083F6FC /* Assets.xcassets in Resources */,
				6099B68926E923350083F6FC /* Main.storyboard in Resources */,
			);
			runOnlyForDeploymentPostprocessing = 0;
		};
/* End PBXResourcesBuildPhase section */

/* Begin PBXSourcesBuildPhase section */
		6099B67A26E923350083F6FC /* Sources */ = {
			isa = PBXSourcesBuildPhase;
			buildActionMask = 2147483647;
			files = (
				6099B68626E923350083F6FC /* ViewController.swift in Sources */,
				6099B69826E94A040083F6FC /* Notes.swift in Sources */,
				60BD29E226EA6FDB00E6F1BD /* ApiService.swift in Sources */,
				6099B68226E923350083F6FC /* AppDelegate.swift in Sources */,
				6099B68426E923350083F6FC /* SceneDelegate.swift in Sources */,
				6099B69626E93F460083F6FC /* DetailsViewController.swift in Sources */,
				60BD29E526EA745000E6F1BD /* NotesModel.swift in Sources */,
			);
			runOnlyForDeploymentPostprocessing = 0;
		};
/* End PBXSourcesBuildPhase section */

/* Begin PBXVariantGroup section */
		6099B68726E923350083F6FC /* Main.storyboard */ = {
			isa = PBXVariantGroup;
			children = (
				6099B68826E923350083F6FC /* Base */,
			);
			name = Main.storyboard;
			sourceTree = "<group>";
		};
		6099B68C26E923380083F6FC /* LaunchScreen.storyboard */ = {
			isa = PBXVariantGroup;
			children = (
				6099B68D26E923380083F6FC /* Base */,
			);
			name = LaunchScreen.storyboard;
			sourceTree = "<group>";
		};
/* End PBXVariantGroup section */

/* Begin XCBuildConfiguration section */
		6099B69026E923380083F6FC /* Debug */ = {
			isa = XCBuildConfiguration;
			buildSettings = {
				ALWAYS_SEARCH_USER_PATHS = NO;
				CLANG_ANALYZER_NONNULL = YES;
				CLANG_ANALYZER_NUMBER_OBJECT_CONVERSION = YES_AGGRESSIVE;
				CLANG_CXX_LANGUAGE_STANDARD = "gnu++14";
				CLANG_CXX_LIBRARY = "libc++";
				CLANG_ENABLE_MODULES = YES;
				CLANG_ENABLE_OBJC_ARC = YES;
				CLANG_ENABLE_OBJC_WEAK = YES;
				CLANG_WARN_BLOCK_CAPTURE_AUTORELEASING = YES;
				CLANG_WARN_BOOL_CONVERSION = YES;
				CLANG_WARN_COMMA = YES;
				CLANG_WARN_CONSTANT_CONVERSION = YES;
				CLANG_WARN_DEPRECATED_OBJC_IMPLEMENTATIONS = YES;
				CLANG_WARN_DIRECT_OBJC_ISA_USAGE = YES_ERROR;
				CLANG_WARN_DOCUMENTATION_COMMENTS = YES;
				CLANG_WARN_EMPTY_BODY = YES;
				CLANG_WARN_ENUM_CONVERSION = YES;
				CLANG_WARN_INFINITE_RECURSION = YES;
				CLANG_WARN_INT_CONVERSION = YES;
				CLANG_WARN_NON_LITERAL_NULL_CONVERSION = YES;
				CLANG_WARN_OBJC_IMPLICIT_RETAIN_SELF = YES;
				CLANG_WARN_OBJC_LITERAL_CONVERSION = YES;
				CLANG_WARN_OBJC_ROOT_CLASS = YES_ERROR;
				CLANG_WARN_QUOTED_INCLUDE_IN_FRAMEWORK_HEADER = YES;
				CLANG_WARN_RANGE_LOOP_ANALYSIS = YES;
				CLANG_WARN_STRICT_PROTOTYPES = YES;
				CLANG_WARN_SUSPICIOUS_MOVE = YES;
				CLANG_WARN_UNGUARDED_AVAILABILITY = YES_AGGRESSIVE;
				CLANG_WARN_UNREACHABLE_CODE = YES;
				CLANG_WARN__DUPLICATE_METHOD_MATCH = YES;
				COPY_PHASE_STRIP = NO;
				DEBUG_INFORMATION_FORMAT = dwarf;
				ENABLE_STRICT_OBJC_MSGSEND = YES;
				ENABLE_TESTABILITY = YES;
				GCC_C_LANGUAGE_STANDARD = gnu11;
				GCC_DYNAMIC_NO_PIC = NO;
				GCC_NO_COMMON_BLOCKS = YES;
				GCC_OPTIMIZATION_LEVEL = 0;
				GCC_PREPROCESSOR_DEFINITIONS = (
					"DEBUG=1",
					"$(inherited)",
				);
				GCC_WARN_64_TO_32_BIT_CONVERSION = YES;
				GCC_WARN_ABOUT_RETURN_TYPE = YES_ERROR;
				GCC_WARN_UNDECLARED_SELECTOR = YES;
				GCC_WARN_UNINITIALIZED_AUTOS = YES_AGGRESSIVE;
				GCC_WARN_UNUSED_FUNCTION = YES;
				GCC_WARN_UNUSED_VARIABLE = YES;
				IPHONEOS_DEPLOYMENT_TARGET = 14.5;
				MTL_ENABLE_DEBUG_INFO = INCLUDE_SOURCE;
				MTL_FAST_MATH = YES;
				ONLY_ACTIVE_ARCH = YES;
				SDKROOT = iphoneos;
				SWIFT_ACTIVE_COMPILATION_CONDITIONS = DEBUG;
				SWIFT_OPTIMIZATION_LEVEL = "-Onone";
			};
			name = Debug;
		};
		6099B69126E923380083F6FC /* Release */ = {
			isa = XCBuildConfiguration;
			buildSettings = {
				ALWAYS_SEARCH_USER_PATHS = NO;
				CLANG_ANALYZER_NONNULL = YES;
				CLANG_ANALYZER_NUMBER_OBJECT_CONVERSION = YES_AGGRESSIVE;
				CLANG_CXX_LANGUAGE_STANDARD = "gnu++14";
				CLANG_CXX_LIBRARY = "libc++";
				CLANG_ENABLE_MODULES = YES;
				CLANG_ENABLE_OBJC_ARC = YES;
				CLANG_ENABLE_OBJC_WEAK = YES;
				CLANG_WARN_BLOCK_CAPTURE_AUTORELEASING = YES;
				CLANG_WARN_BOOL_CONVERSION = YES;
				CLANG_WARN_COMMA = YES;
				CLANG_WARN_CONSTANT_CONVERSION = YES;
				CLANG_WARN_DEPRECATED_OBJC_IMPLEMENTATIONS = YES;
				CLANG_WARN_DIRECT_OBJC_ISA_USAGE = YES_ERROR;
				CLANG_WARN_DOCUMENTATION_COMMENTS = YES;
				CLANG_WARN_EMPTY_BODY = YES;
				CLANG_WARN_ENUM_CONVERSION = YES;
				CLANG_WARN_INFINITE_RECURSION = YES;
				CLANG_WARN_INT_CONVERSION = YES;
				CLANG_WARN_NON_LITERAL_NULL_CONVERSION = YES;
				CLANG_WARN_OBJC_IMPLICIT_RETAIN_SELF = YES;
				CLANG_WARN_OBJC_LITERAL_CONVERSION = YES;
				CLANG_WARN_OBJC_ROOT_CLASS = YES_ERROR;
				CLANG_WARN_QUOTED_INCLUDE_IN_FRAMEWORK_HEADER = YES;
				CLANG_WARN_RANGE_LOOP_ANALYSIS = YES;
				CLANG_WARN_STRICT_PROTOTYPES = YES;
				CLANG_WARN_SUSPICIOUS_MOVE = YES;
				CLANG_WARN_UNGUARDED_AVAILABILITY = YES_AGGRESSIVE;
				CLANG_WARN_UNREACHABLE_CODE = YES;
				CLANG_WARN__DUPLICATE_METHOD_MATCH = YES;
				COPY_PHASE_STRIP = NO;
				DEBUG_INFORMATION_FORMAT = "dwarf-with-dsym";
				ENABLE_NS_ASSERTIONS = NO;
				ENABLE_STRICT_OBJC_MSGSEND = YES;
				GCC_C_LANGUAGE_STANDARD = gnu11;
				GCC_NO_COMMON_BLOCKS = YES;
				GCC_WARN_64_TO_32_BIT_CONVERSION = YES;
				GCC_WARN_ABOUT_RETURN_TYPE = YES_ERROR;
				GCC_WARN_UNDECLARED_SELECTOR = YES;
				GCC_WARN_UNINITIALIZED_AUTOS = YES_AGGRESSIVE;
				GCC_WARN_UNUSED_FUNCTION = YES;
				GCC_WARN_UNUSED_VARIABLE = YES;
				IPHONEOS_DEPLOYMENT_TARGET = 14.5;
				MTL_ENABLE_DEBUG_INFO = NO;
				MTL_FAST_MATH = YES;
				SDKROOT = iphoneos;
				SWIFT_COMPILATION_MODE = wholemodule;
				SWIFT_OPTIMIZATION_LEVEL = "-O";
				VALIDATE_PRODUCT = YES;
			};
			name = Release;
		};
		6099B69326E923380083F6FC /* Debug */ = {
			isa = XCBuildConfiguration;
			buildSettings = {
				ASSETCATALOG_COMPILER_APPICON_NAME = AppIcon;
				ASSETCATALOG_COMPILER_GLOBAL_ACCENT_COLOR_NAME = AccentColor;
				CODE_SIGN_STYLE = Automatic;
				DEVELOPMENT_TEAM = 896FRNNR33;
				INFOPLIST_FILE = "Project21-b-Notes/Info.plist";
				LD_RUNPATH_SEARCH_PATHS = (
					"$(inherited)",
					"@executable_path/Frameworks",
				);
				PRODUCT_BUNDLE_IDENTIFIER = "practice.fsg.Project21-b-Notes";
				PRODUCT_NAME = "$(TARGET_NAME)";
				SWIFT_VERSION = 5.0;
				TARGETED_DEVICE_FAMILY = "1,2";
			};
			name = Debug;
		};
		6099B69426E923380083F6FC /* Release */ = {
			isa = XCBuildConfiguration;
			buildSettings = {
				ASSETCATALOG_COMPILER_APPICON_NAME = AppIcon;
				ASSETCATALOG_COMPILER_GLOBAL_ACCENT_COLOR_NAME = AccentColor;
				CODE_SIGN_STYLE = Automatic;
				DEVELOPMENT_TEAM = 896FRNNR33;
				INFOPLIST_FILE = "Project21-b-Notes/Info.plist";
				LD_RUNPATH_SEARCH_PATHS = (
					"$(inherited)",
					"@executable_path/Frameworks",
				);
				PRODUCT_BUNDLE_IDENTIFIER = "practice.fsg.Project21-b-Notes";
				PRODUCT_NAME = "$(TARGET_NAME)";
				SWIFT_VERSION = 5.0;
				TARGETED_DEVICE_FAMILY = "1,2";
			};
			name = Release;
		};
/* End XCBuildConfiguration section */

/* Begin XCConfigurationList section */
		6099B67926E923350083F6FC /* Build configuration list for PBXProject "Project21-b-Notes" */ = {
			isa = XCConfigurationList;
			buildConfigurations = (
				6099B69026E923380083F6FC /* Debug */,
				6099B69126E923380083F6FC /* Release */,
			);
			defaultConfigurationIsVisible = 0;
			defaultConfigurationName = Release;
		};
		6099B69226E923380083F6FC /* Build configuration list for PBXNativeTarget "Project21-b-Notes" */ = {
			isa = XCConfigurationList;
			buildConfigurations = (
				6099B69326E923380083F6FC /* Debug */,
				6099B69426E923380083F6FC /* Release */,
			);
			defaultConfigurationIsVisible = 0;
			defaultConfigurationName = Release;
		};
/* End XCConfigurationList section */
	};
	rootObject = 6099B67626E923350083F6FC /* Project object */;
}
